PODS:
  - Alamofire (4.9.1)
  - AlamofireImage (3.6.0):
    - Alamofire (~> 4.9)
  - Cosmos (23.0.0)
  - TinyConstraints (4.0.2)

DEPENDENCIES:
  - Alamofire
  - AlamofireImage
  - Cosmos
  - TinyConstraints

SPEC REPOS:
  trunk:
    - Alamofire
    - AlamofireImage
    - Cosmos
    - TinyConstraints

SPEC CHECKSUMS:
  Alamofire: 85e8a02c69d6020a0d734f6054870d7ecb75cf18
  AlamofireImage: be9963c6582d68b39e89191f64c82a7d7bf40fdd
  Cosmos: b5c6a9a637e28a061b54c8f8b1d8529d7d4db73f
  TinyConstraints: 7b7ccc0c485bb3bb47082138ff28bc33cd49897f

PODFILE CHECKSUM: 6ec01139c3171d8aef7a07e5c8e418540535f7c9

COCOAPODS: 1.11.2
